
Microsoft Visual Studio Solution File, Format Version 12.00
# Visual Studio Version 16
VisualStudioVersion = 16.0.31410.357
MinimumVisualStudioVersion = 10.0.40219.1
Project("{FAE04EC0-301F-11D3-BF4B-00C04F79EFBC}") = "dcode-shop-back", "dcode-shop-back\dcode-shop-back.csproj", "{67BC4C2C-F099-4871-BC8E-4AA578DCADA8}"
EndProject
Global
	GlobalSection(SolutionConfigurationPlatforms) = preSolution
		Debug|Any CPU = Debug|Any CPU
		Release|Any CPU = Release|Any CPU
	EndGlobalSection
	GlobalSection(ProjectConfigurationPlatforms) = postSolution
		{67BC4C2C-F099-4871-BC8E-4AA578DCADA8}.Debug|Any CPU.ActiveCfg = Debug|Any CPU
		{67BC4C2C-F099-4871-BC8E-4AA578DCADA8}.Debug|Any CPU.Build.0 = Debug|Any CPU
		{67BC4C2C-F099-4871-BC8E-4AA578DCADA8}.Release|Any CPU.ActiveCfg = Release|Any CPU
		{67BC4C2C-F099-4871-BC8E-4AA578DCADA8}.Release|Any CPU.Build.0 = Release|Any CPU
	EndGlobalSection
	GlobalSection(SolutionProperties) = preSolution
		HideSolutionNode = FALSE
	EndGlobalSection
	GlobalSection(ExtensibilityGlobals) = postSolution
		SolutionGuid = {EAD48B58-EEE7-4EB1-999A-FE44A4FB8C32}
	EndGlobalSection
EndGlobal
